
Microsoft Visual Studio Solution File, Format Version 12.00
# Visual Studio Version 16
VisualStudioVersion = 16.0.810.17
MinimumVisualStudioVersion = 10.0.40219.1
Project("{FAE04EC0-301F-11D3-BF4B-00C04F79EFBC}") = "Mission4", "Mission4\Mission4.csproj", "{79E30110-7120-44C9-AB53-424B200C878B}"
EndProject
Global
	GlobalSection(SolutionConfigurationPlatforms) = preSolution
		Debug|Any CPU = Debug|Any CPU
		Release|Any CPU = Release|Any CPU
	EndGlobalSection
	GlobalSection(ProjectConfigurationPlatforms) = postSolution
		{79E30110-7120-44C9-AB53-424B200C878B}.Debug|Any CPU.ActiveCfg = Debug|Any CPU
		{79E30110-7120-44C9-AB53-424B200C878B}.Debug|Any CPU.Build.0 = Debug|Any CPU
		{79E30110-7120-44C9-AB53-424B200C878B}.Release|Any CPU.ActiveCfg = Release|Any CPU
		{79E30110-7120-44C9-AB53-424B200C878B}.Release|Any CPU.Build.0 = Release|Any CPU
	EndGlobalSection
	GlobalSection(SolutionProperties) = preSolution
		HideSolutionNode = FALSE
	EndGlobalSection
	GlobalSection(ExtensibilityGlobals) = postSolution
		SolutionGuid = {36895CE0-792F-4130-9E36-B17B36979045}
	EndGlobalSection
EndGlobal
